// !$*UTF8*$!
{
	archiveVersion = 1;
	classes = {
	};
	objectVersion = 56;
	objects = {

/* Begin PBXBuildFile section */
		A54A42BE2AA7233700B3EDE0 /* SecretBaseApp.swift in Sources */ = {isa = PBXBuildFile; fileRef = A54A42BD2AA7233700B3EDE0 /* SecretBaseApp.swift */; };
		A54A42C02AA7233700B3EDE0 /* ContentView.swift in Sources */ = {isa = PBXBuildFile; fileRef = A54A42BF2AA7233700B3EDE0 /* ContentView.swift */; };
		A54A42C22AA7233800B3EDE0 /* Assets.xcassets in Resources */ = {isa = PBXBuildFile; fileRef = A54A42C12AA7233800B3EDE0 /* Assets.xcassets */; };
		A54A42C52AA7233800B3EDE0 /* Preview Assets.xcassets in Resources */ = {isa = PBXBuildFile; fileRef = A54A42C42AA7233800B3EDE0 /* Preview Assets.xcassets */; };
		A54A42CD2AA7267400B3EDE0 /* Shelf.swift in Sources */ = {isa = PBXBuildFile; fileRef = A54A42CC2AA7267400B3EDE0 /* Shelf.swift */; };
		A54A42CF2AA727F900B3EDE0 /* Serch.swift in Sources */ = {isa = PBXBuildFile; fileRef = A54A42CE2AA727F900B3EDE0 /* Serch.swift */; };
		A5C520442AB425820066A002 /* UserIconSmall.swift in Sources */ = {isa = PBXBuildFile; fileRef = A5C520432AB425820066A002 /* UserIconSmall.swift */; };
		A5C5204B2AB456B30066A002 /* TitleDetail.swift in Sources */ = {isa = PBXBuildFile; fileRef = A5C5204A2AB456B30066A002 /* TitleDetail.swift */; };
		A5C5204D2AB459820066A002 /* MyTitles.json in Resources */ = {isa = PBXBuildFile; fileRef = A5C5204C2AB459810066A002 /* MyTitles.json */; };
		A5C520502AB45A140066A002 /* Titles.swift in Sources */ = {isa = PBXBuildFile; fileRef = A5C5204F2AB45A140066A002 /* Titles.swift */; };
		A5C520522AB494D40066A002 /* Users.json in Resources */ = {isa = PBXBuildFile; fileRef = A5C520512AB494D40066A002 /* Users.json */; };
		A5C520542AB5773A0066A002 /* TitleList.json in Resources */ = {isa = PBXBuildFile; fileRef = A5C520532AB5773A0066A002 /* TitleList.json */; };
		A5C520562AB5EA3A0066A002 /* TitleImage.swift in Sources */ = {isa = PBXBuildFile; fileRef = A5C520552AB5EA3A0066A002 /* TitleImage.swift */; };
		A5C520582AB5F05A0066A002 /* TitleReview.swift in Sources */ = {isa = PBXBuildFile; fileRef = A5C520572AB5F05A0066A002 /* TitleReview.swift */; };
		A5C5205A2AB601990066A002 /* CategoryItem.swift in Sources */ = {isa = PBXBuildFile; fileRef = A5C520592AB601990066A002 /* CategoryItem.swift */; };
		A5C5205D2AB60D650066A002 /* Users.swift in Sources */ = {isa = PBXBuildFile; fileRef = A5C5205C2AB60D650066A002 /* Users.swift */; };
		A5C5205F2AB60F140066A002 /* ModelData.swift in Sources */ = {isa = PBXBuildFile; fileRef = A5C5205E2AB60F140066A002 /* ModelData.swift */; };
/* End PBXBuildFile section */

/* Begin PBXFileReference section */
		A54A42BA2AA7233700B3EDE0 /* SecretBase.app */ = {isa = PBXFileReference; explicitFileType = wrapper.application; includeInIndex = 0; path = SecretBase.app; sourceTree = BUILT_PRODUCTS_DIR; };
		A54A42BD2AA7233700B3EDE0 /* SecretBaseApp.swift */ = {isa = PBXFileReference; lastKnownFileType = sourcecode.swift; path = SecretBaseApp.swift; sourceTree = "<group>"; };
		A54A42BF2AA7233700B3EDE0 /* ContentView.swift */ = {isa = PBXFileReference; lastKnownFileType = sourcecode.swift; path = ContentView.swift; sourceTree = "<group>"; };
		A54A42C12AA7233800B3EDE0 /* Assets.xcassets */ = {isa = PBXFileReference; lastKnownFileType = folder.assetcatalog; path = Assets.xcassets; sourceTree = "<group>"; };
		A54A42C42AA7233800B3EDE0 /* Preview Assets.xcassets */ = {isa = PBXFileReference; lastKnownFileType = folder.assetcatalog; path = "Preview Assets.xcassets"; sourceTree = "<group>"; };
		A54A42CC2AA7267400B3EDE0 /* Shelf.swift */ = {isa = PBXFileReference; lastKnownFileType = sourcecode.swift; path = Shelf.swift; sourceTree = "<group>"; };
		A54A42CE2AA727F900B3EDE0 /* Serch.swift */ = {isa = PBXFileReference; lastKnownFileType = sourcecode.swift; path = Serch.swift; sourceTree = "<group>"; };
		A5C520432AB425820066A002 /* UserIconSmall.swift */ = {isa = PBXFileReference; lastKnownFileType = sourcecode.swift; path = UserIconSmall.swift; sourceTree = "<group>"; };
		A5C5204A2AB456B30066A002 /* TitleDetail.swift */ = {isa = PBXFileReference; lastKnownFileType = sourcecode.swift; path = TitleDetail.swift; sourceTree = "<group>"; };
		A5C5204C2AB459810066A002 /* MyTitles.json */ = {isa = PBXFileReference; lastKnownFileType = text.json; path = MyTitles.json; sourceTree = "<group>"; };
		A5C5204F2AB45A140066A002 /* Titles.swift */ = {isa = PBXFileReference; lastKnownFileType = sourcecode.swift; path = Titles.swift; sourceTree = "<group>"; };
		A5C520512AB494D40066A002 /* Users.json */ = {isa = PBXFileReference; lastKnownFileType = text.json; path = Users.json; sourceTree = "<group>"; };
		A5C520532AB5773A0066A002 /* TitleList.json */ = {isa = PBXFileReference; lastKnownFileType = text.json; path = TitleList.json; sourceTree = "<group>"; };
		A5C520552AB5EA3A0066A002 /* TitleImage.swift */ = {isa = PBXFileReference; lastKnownFileType = sourcecode.swift; path = TitleImage.swift; sourceTree = "<group>"; };
		A5C520572AB5F05A0066A002 /* TitleReview.swift */ = {isa = PBXFileReference; lastKnownFileType = sourcecode.swift; path = TitleReview.swift; sourceTree = "<group>"; };
		A5C520592AB601990066A002 /* CategoryItem.swift */ = {isa = PBXFileReference; lastKnownFileType = sourcecode.swift; path = CategoryItem.swift; sourceTree = "<group>"; };
		A5C5205C2AB60D650066A002 /* Users.swift */ = {isa = PBXFileReference; lastKnownFileType = sourcecode.swift; path = Users.swift; sourceTree = "<group>"; };
		A5C5205E2AB60F140066A002 /* ModelData.swift */ = {isa = PBXFileReference; lastKnownFileType = sourcecode.swift; path = ModelData.swift; sourceTree = "<group>"; };
/* End PBXFileReference section */

/* Begin PBXFrameworksBuildPhase section */
		A54A42B72AA7233700B3EDE0 /* Frameworks */ = {
			isa = PBXFrameworksBuildPhase;
			buildActionMask = 2147483647;
			files = (
			);
			runOnlyForDeploymentPostprocessing = 0;
		};
/* End PBXFrameworksBuildPhase section */

/* Begin PBXGroup section */
		A54A42B12AA7233700B3EDE0 = {
			isa = PBXGroup;
			children = (
				A54A42BC2AA7233700B3EDE0 /* SecretBase */,
				A54A42BB2AA7233700B3EDE0 /* Products */,
			);
			sourceTree = "<group>";
		};
		A54A42BB2AA7233700B3EDE0 /* Products */ = {
			isa = PBXGroup;
			children = (
				A54A42BA2AA7233700B3EDE0 /* SecretBase.app */,
			);
			name = Products;
			sourceTree = "<group>";
		};
		A54A42BC2AA7233700B3EDE0 /* SecretBase */ = {
			isa = PBXGroup;
			children = (
				A54A42BD2AA7233700B3EDE0 /* SecretBaseApp.swift */,
				A54A42CB2AA7264700B3EDE0 /* View */,
				A5C5204E2AB459E80066A002 /* Model */,
				A5C520452AB42B6B0066A002 /* Resources */,
				A54A42C12AA7233800B3EDE0 /* Assets.xcassets */,
				A54A42C32AA7233800B3EDE0 /* Preview Content */,
			);
			path = SecretBase;
			sourceTree = "<group>";
		};
		A54A42C32AA7233800B3EDE0 /* Preview Content */ = {
			isa = PBXGroup;
			children = (
				A54A42C42AA7233800B3EDE0 /* Preview Assets.xcassets */,
			);
			path = "Preview Content";
			sourceTree = "<group>";
		};
		A54A42CB2AA7264700B3EDE0 /* View */ = {
			isa = PBXGroup;
			children = (
				A54A42BF2AA7233700B3EDE0 /* ContentView.swift */,
				A54A42CC2AA7267400B3EDE0 /* Shelf.swift */,
				A5C520592AB601990066A002 /* CategoryItem.swift */,
				A54A42CE2AA727F900B3EDE0 /* Serch.swift */,
				A5C5204A2AB456B30066A002 /* TitleDetail.swift */,
				A5C520572AB5F05A0066A002 /* TitleReview.swift */,
				A5C520552AB5EA3A0066A002 /* TitleImage.swift */,
				A5C520432AB425820066A002 /* UserIconSmall.swift */,
			);
			path = View;
			sourceTree = "<group>";
		};
		A5C520452AB42B6B0066A002 /* Resources */ = {
			isa = PBXGroup;
			children = (
				A5C5204C2AB459810066A002 /* MyTitles.json */,
				A5C520512AB494D40066A002 /* Users.json */,
				A5C520532AB5773A0066A002 /* TitleList.json */,
			);
			path = Resources;
			sourceTree = "<group>";
		};
		A5C5204E2AB459E80066A002 /* Model */ = {
			isa = PBXGroup;
			children = (
				A5C5204F2AB45A140066A002 /* Titles.swift */,
				A5C5205C2AB60D650066A002 /* Users.swift */,
				A5C5205E2AB60F140066A002 /* ModelData.swift */,
			);
			path = Model;
			sourceTree = "<group>";
		};
/* End PBXGroup section */

/* Begin PBXNativeTarget section */
		A54A42B92AA7233700B3EDE0 /* SecretBase */ = {
			isa = PBXNativeTarget;
			buildConfigurationList = A54A42C82AA7233800B3EDE0 /* Build configuration list for PBXNativeTarget "SecretBase" */;
			buildPhases = (
				A54A42B62AA7233700B3EDE0 /* Sources */,
				A54A42B72AA7233700B3EDE0 /* Frameworks */,
				A54A42B82AA7233700B3EDE0 /* Resources */,
			);
			buildRules = (
			);
			dependencies = (
			);
			name = SecretBase;
			productName = SecretBase;
			productReference = A54A42BA2AA7233700B3EDE0 /* SecretBase.app */;
			productType = "com.apple.product-type.application";
		};
/* End PBXNativeTarget section */

/* Begin PBXProject section */
		A54A42B22AA7233700B3EDE0 /* Project object */ = {
			isa = PBXProject;
			attributes = {
				BuildIndependentTargetsInParallel = 1;
				LastSwiftUpdateCheck = 1430;
				LastUpgradeCheck = 1430;
				TargetAttributes = {
					A54A42B92AA7233700B3EDE0 = {
						CreatedOnToolsVersion = 14.3.1;
					};
				};
			};
			buildConfigurationList = A54A42B52AA7233700B3EDE0 /* Build configuration list for PBXProject "SecretBase" */;
			compatibilityVersion = "Xcode 14.0";
			developmentRegion = en;
			hasScannedForEncodings = 0;
			knownRegions = (
				en,
				Base,
			);
			mainGroup = A54A42B12AA7233700B3EDE0;
			productRefGroup = A54A42BB2AA7233700B3EDE0 /* Products */;
			projectDirPath = "";
			projectRoot = "";
			targets = (
				A54A42B92AA7233700B3EDE0 /* SecretBase */,
			);
		};
/* End PBXProject section */

/* Begin PBXResourcesBuildPhase section */
		A54A42B82AA7233700B3EDE0 /* Resources */ = {
			isa = PBXResourcesBuildPhase;
			buildActionMask = 2147483647;
			files = (
				A5C520522AB494D40066A002 /* Users.json in Resources */,
				A5C5204D2AB459820066A002 /* MyTitles.json in Resources */,
				A54A42C52AA7233800B3EDE0 /* Preview Assets.xcassets in Resources */,
				A5C520542AB5773A0066A002 /* TitleList.json in Resources */,
				A54A42C22AA7233800B3EDE0 /* Assets.xcassets in Resources */,
			);
			runOnlyForDeploymentPostprocessing = 0;
		};
/* End PBXResourcesBuildPhase section */

/* Begin PBXSourcesBuildPhase section */
		A54A42B62AA7233700B3EDE0 /* Sources */ = {
			isa = PBXSourcesBuildPhase;
			buildActionMask = 2147483647;
			files = (
				A5C520562AB5EA3A0066A002 /* TitleImage.swift in Sources */,
				A54A42CD2AA7267400B3EDE0 /* Shelf.swift in Sources */,
				A54A42C02AA7233700B3EDE0 /* ContentView.swift in Sources */,
				A5C520442AB425820066A002 /* UserIconSmall.swift in Sources */,
				A5C5204B2AB456B30066A002 /* TitleDetail.swift in Sources */,
				A5C5205F2AB60F140066A002 /* ModelData.swift in Sources */,
				A5C520502AB45A140066A002 /* Titles.swift in Sources */,
				A54A42BE2AA7233700B3EDE0 /* SecretBaseApp.swift in Sources */,
				A54A42CF2AA727F900B3EDE0 /* Serch.swift in Sources */,
				A5C5205A2AB601990066A002 /* CategoryItem.swift in Sources */,
				A5C520582AB5F05A0066A002 /* TitleReview.swift in Sources */,
				A5C5205D2AB60D650066A002 /* Users.swift in Sources */,
			);
			runOnlyForDeploymentPostprocessing = 0;
		};
/* End PBXSourcesBuildPhase section */

/* Begin XCBuildConfiguration section */
		A54A42C62AA7233800B3EDE0 /* Debug */ = {
			isa = XCBuildConfiguration;
			buildSettings = {
				ALWAYS_SEARCH_USER_PATHS = NO;
				CLANG_ANALYZER_NONNULL = YES;
				CLANG_ANALYZER_NUMBER_OBJECT_CONVERSION = YES_AGGRESSIVE;
				CLANG_CXX_LANGUAGE_STANDARD = "gnu++20";
				CLANG_ENABLE_MODULES = YES;
				CLANG_ENABLE_OBJC_ARC = YES;
				CLANG_ENABLE_OBJC_WEAK = YES;
				CLANG_WARN_BLOCK_CAPTURE_AUTORELEASING = YES;
				CLANG_WARN_BOOL_CONVERSION = YES;
				CLANG_WARN_COMMA = YES;
				CLANG_WARN_CONSTANT_CONVERSION = YES;
				CLANG_WARN_DEPRECATED_OBJC_IMPLEMENTATIONS = YES;
				CLANG_WARN_DIRECT_OBJC_ISA_USAGE = YES_ERROR;
				CLANG_WARN_DOCUMENTATION_COMMENTS = YES;
				CLANG_WARN_EMPTY_BODY = YES;
				CLANG_WARN_ENUM_CONVERSION = YES;
				CLANG_WARN_INFINITE_RECURSION = YES;
				CLANG_WARN_INT_CONVERSION = YES;
				CLANG_WARN_NON_LITERAL_NULL_CONVERSION = YES;
				CLANG_WARN_OBJC_IMPLICIT_RETAIN_SELF = YES;
				CLANG_WARN_OBJC_LITERAL_CONVERSION = YES;
				CLANG_WARN_OBJC_ROOT_CLASS = YES_ERROR;
				CLANG_WARN_QUOTED_INCLUDE_IN_FRAMEWORK_HEADER = YES;
				CLANG_WARN_RANGE_LOOP_ANALYSIS = YES;
				CLANG_WARN_STRICT_PROTOTYPES = YES;
				CLANG_WARN_SUSPICIOUS_MOVE = YES;
				CLANG_WARN_UNGUARDED_AVAILABILITY = YES_AGGRESSIVE;
				CLANG_WARN_UNREACHABLE_CODE = YES;
				CLANG_WARN__DUPLICATE_METHOD_MATCH = YES;
				COPY_PHASE_STRIP = NO;
				DEBUG_INFORMATION_FORMAT = dwarf;
				ENABLE_STRICT_OBJC_MSGSEND = YES;
				ENABLE_TESTABILITY = YES;
				GCC_C_LANGUAGE_STANDARD = gnu11;
				GCC_DYNAMIC_NO_PIC = NO;
				GCC_NO_COMMON_BLOCKS = YES;
				GCC_OPTIMIZATION_LEVEL = 0;
				GCC_PREPROCESSOR_DEFINITIONS = (
					"DEBUG=1",
					"$(inherited)",
				);
				GCC_WARN_64_TO_32_BIT_CONVERSION = YES;
				GCC_WARN_ABOUT_RETURN_TYPE = YES_ERROR;
				GCC_WARN_UNDECLARED_SELECTOR = YES;
				GCC_WARN_UNINITIALIZED_AUTOS = YES_AGGRESSIVE;
				GCC_WARN_UNUSED_FUNCTION = YES;
				GCC_WARN_UNUSED_VARIABLE = YES;
				IPHONEOS_DEPLOYMENT_TARGET = 16.4;
				MTL_ENABLE_DEBUG_INFO = INCLUDE_SOURCE;
				MTL_FAST_MATH = YES;
				ONLY_ACTIVE_ARCH = YES;
				SDKROOT = iphoneos;
				SWIFT_ACTIVE_COMPILATION_CONDITIONS = DEBUG;
				SWIFT_OPTIMIZATION_LEVEL = "-Onone";
			};
			name = Debug;
		};
		A54A42C72AA7233800B3EDE0 /* Release */ = {
			isa = XCBuildConfiguration;
			buildSettings = {
				ALWAYS_SEARCH_USER_PATHS = NO;
				CLANG_ANALYZER_NONNULL = YES;
				CLANG_ANALYZER_NUMBER_OBJECT_CONVERSION = YES_AGGRESSIVE;
				CLANG_CXX_LANGUAGE_STANDARD = "gnu++20";
				CLANG_ENABLE_MODULES = YES;
				CLANG_ENABLE_OBJC_ARC = YES;
				CLANG_ENABLE_OBJC_WEAK = YES;
				CLANG_WARN_BLOCK_CAPTURE_AUTORELEASING = YES;
				CLANG_WARN_BOOL_CONVERSION = YES;
				CLANG_WARN_COMMA = YES;
				CLANG_WARN_CONSTANT_CONVERSION = YES;
				CLANG_WARN_DEPRECATED_OBJC_IMPLEMENTATIONS = YES;
				CLANG_WARN_DIRECT_OBJC_ISA_USAGE = YES_ERROR;
				CLANG_WARN_DOCUMENTATION_COMMENTS = YES;
				CLANG_WARN_EMPTY_BODY = YES;
				CLANG_WARN_ENUM_CONVERSION = YES;
				CLANG_WARN_INFINITE_RECURSION = YES;
				CLANG_WARN_INT_CONVERSION = YES;
				CLANG_WARN_NON_LITERAL_NULL_CONVERSION = YES;
				CLANG_WARN_OBJC_IMPLICIT_RETAIN_SELF = YES;
				CLANG_WARN_OBJC_LITERAL_CONVERSION = YES;
				CLANG_WARN_OBJC_ROOT_CLASS = YES_ERROR;
				CLANG_WARN_QUOTED_INCLUDE_IN_FRAMEWORK_HEADER = YES;
				CLANG_WARN_RANGE_LOOP_ANALYSIS = YES;
				CLANG_WARN_STRICT_PROTOTYPES = YES;
				CLANG_WARN_SUSPICIOUS_MOVE = YES;
				CLANG_WARN_UNGUARDED_AVAILABILITY = YES_AGGRESSIVE;
				CLANG_WARN_UNREACHABLE_CODE = YES;
				CLANG_WARN__DUPLICATE_METHOD_MATCH = YES;
				COPY_PHASE_STRIP = NO;
				DEBUG_INFORMATION_FORMAT = "dwarf-with-dsym";
				ENABLE_NS_ASSERTIONS = NO;
				ENABLE_STRICT_OBJC_MSGSEND = YES;
				GCC_C_LANGUAGE_STANDARD = gnu11;
				GCC_NO_COMMON_BLOCKS = YES;
				GCC_WARN_64_TO_32_BIT_CONVERSION = YES;
				GCC_WARN_ABOUT_RETURN_TYPE = YES_ERROR;
				GCC_WARN_UNDECLARED_SELECTOR = YES;
				GCC_WARN_UNINITIALIZED_AUTOS = YES_AGGRESSIVE;
				GCC_WARN_UNUSED_FUNCTION = YES;
				GCC_WARN_UNUSED_VARIABLE = YES;
				IPHONEOS_DEPLOYMENT_TARGET = 16.4;
				MTL_ENABLE_DEBUG_INFO = NO;
				MTL_FAST_MATH = YES;
				SDKROOT = iphoneos;
				SWIFT_COMPILATION_MODE = wholemodule;
				SWIFT_OPTIMIZATION_LEVEL = "-O";
				VALIDATE_PRODUCT = YES;
			};
			name = Release;
		};
		A54A42C92AA7233800B3EDE0 /* Debug */ = {
			isa = XCBuildConfiguration;
			buildSettings = {
				ASSETCATALOG_COMPILER_APPICON_NAME = AppIcon;
				ASSETCATALOG_COMPILER_GLOBAL_ACCENT_COLOR_NAME = AccentColor;
				CODE_SIGN_STYLE = Automatic;
				CURRENT_PROJECT_VERSION = 1;
				DEVELOPMENT_ASSET_PATHS = "\"SecretBase/Preview Content\"";
				DEVELOPMENT_TEAM = 8KCL3237D2;
				ENABLE_PREVIEWS = YES;
				GENERATE_INFOPLIST_FILE = YES;
				INFOPLIST_KEY_UIApplicationSceneManifest_Generation = YES;
				INFOPLIST_KEY_UIApplicationSupportsIndirectInputEvents = YES;
				INFOPLIST_KEY_UILaunchScreen_Generation = YES;
				INFOPLIST_KEY_UISupportedInterfaceOrientations = UIInterfaceOrientationPortrait;
				INFOPLIST_KEY_UISupportedInterfaceOrientations_iPad = "UIInterfaceOrientationPortrait UIInterfaceOrientationPortraitUpsideDown";
				LD_RUNPATH_SEARCH_PATHS = (
					"$(inherited)",
					"@executable_path/Frameworks",
				);
				MARKETING_VERSION = 1.0;
				PRODUCT_BUNDLE_IDENTIFIER = sorasiranuame.gmail.com.SecretBase;
				PRODUCT_NAME = "$(TARGET_NAME)";
				SWIFT_EMIT_LOC_STRINGS = YES;
				SWIFT_VERSION = 5.0;
				TARGETED_DEVICE_FAMILY = "1,2";
			};
			name = Debug;
		};
		A54A42CA2AA7233800B3EDE0 /* Release */ = {
			isa = XCBuildConfiguration;
			buildSettings = {
				ASSETCATALOG_COMPILER_APPICON_NAME = AppIcon;
				ASSETCATALOG_COMPILER_GLOBAL_ACCENT_COLOR_NAME = AccentColor;
				CODE_SIGN_STYLE = Automatic;
				CURRENT_PROJECT_VERSION = 1;
				DEVELOPMENT_ASSET_PATHS = "\"SecretBase/Preview Content\"";
				DEVELOPMENT_TEAM = 8KCL3237D2;
				ENABLE_PREVIEWS = YES;
				GENERATE_INFOPLIST_FILE = YES;
				INFOPLIST_KEY_UIApplicationSceneManifest_Generation = YES;
				INFOPLIST_KEY_UIApplicationSupportsIndirectInputEvents = YES;
				INFOPLIST_KEY_UILaunchScreen_Generation = YES;
				INFOPLIST_KEY_UISupportedInterfaceOrientations = UIInterfaceOrientationPortrait;
				INFOPLIST_KEY_UISupportedInterfaceOrientations_iPad = "UIInterfaceOrientationPortrait UIInterfaceOrientationPortraitUpsideDown";
				LD_RUNPATH_SEARCH_PATHS = (
					"$(inherited)",
					"@executable_path/Frameworks",
				);
				MARKETING_VERSION = 1.0;
				PRODUCT_BUNDLE_IDENTIFIER = sorasiranuame.gmail.com.SecretBase;
				PRODUCT_NAME = "$(TARGET_NAME)";
				SWIFT_EMIT_LOC_STRINGS = YES;
				SWIFT_VERSION = 5.0;
				TARGETED_DEVICE_FAMILY = "1,2";
			};
			name = Release;
		};
/* End XCBuildConfiguration section */

/* Begin XCConfigurationList section */
		A54A42B52AA7233700B3EDE0 /* Build configuration list for PBXProject "SecretBase" */ = {
			isa = XCConfigurationList;
			buildConfigurations = (
				A54A42C62AA7233800B3EDE0 /* Debug */,
				A54A42C72AA7233800B3EDE0 /* Release */,
			);
			defaultConfigurationIsVisible = 0;
			defaultConfigurationName = Release;
		};
		A54A42C82AA7233800B3EDE0 /* Build configuration list for PBXNativeTarget "SecretBase" */ = {
			isa = XCConfigurationList;
			buildConfigurations = (
				A54A42C92AA7233800B3EDE0 /* Debug */,
				A54A42CA2AA7233800B3EDE0 /* Release */,
			);
			defaultConfigurationIsVisible = 0;
			defaultConfigurationName = Release;
		};
/* End XCConfigurationList section */
	};
	rootObject = A54A42B22AA7233700B3EDE0 /* Project object */;
}
