// !$*UTF8*$!
{
	archiveVersion = 1;
	classes = {
	};
	objectVersion = 56;
	objects = {

/* Begin PBXBuildFile section */
		A516F1D82AC27B0900D7E06D /* OtherUserShelf.swift in Sources */ = {isa = PBXBuildFile; fileRef = A516F1D72AC27B0900D7E06D /* OtherUserShelf.swift */; };
		A516F1DA2AC2A20F00D7E06D /* ReviewInputView.swift in Sources */ = {isa = PBXBuildFile; fileRef = A516F1D92AC2A20F00D7E06D /* ReviewInputView.swift */; };
		A517FB532AC05202000E9258 /* SignIn.swift in Sources */ = {isa = PBXBuildFile; fileRef = A517FB522AC05202000E9258 /* SignIn.swift */; };
		A54A42BE2AA7233700B3EDE0 /* SecretBaseApp.swift in Sources */ = {isa = PBXBuildFile; fileRef = A54A42BD2AA7233700B3EDE0 /* SecretBaseApp.swift */; };
		A54A42C02AA7233700B3EDE0 /* ContentView.swift in Sources */ = {isa = PBXBuildFile; fileRef = A54A42BF2AA7233700B3EDE0 /* ContentView.swift */; };
		A54A42C22AA7233800B3EDE0 /* Assets.xcassets in Resources */ = {isa = PBXBuildFile; fileRef = A54A42C12AA7233800B3EDE0 /* Assets.xcassets */; };
		A54A42C52AA7233800B3EDE0 /* Preview Assets.xcassets in Resources */ = {isa = PBXBuildFile; fileRef = A54A42C42AA7233800B3EDE0 /* Preview Assets.xcassets */; };
		A54A42CD2AA7267400B3EDE0 /* Shelf.swift in Sources */ = {isa = PBXBuildFile; fileRef = A54A42CC2AA7267400B3EDE0 /* Shelf.swift */; };
		A54A42CF2AA727F900B3EDE0 /* Search.swift in Sources */ = {isa = PBXBuildFile; fileRef = A54A42CE2AA727F900B3EDE0 /* Search.swift */; };
		A55F28A12ABEC327003368DC /* ImageModel.swift in Sources */ = {isa = PBXBuildFile; fileRef = A55F28A02ABEC327003368DC /* ImageModel.swift */; };
		A55F28A32ABEC374003368DC /* UserIcon.swift in Sources */ = {isa = PBXBuildFile; fileRef = A55F28A22ABEC374003368DC /* UserIcon.swift */; };
		A56367862AC15C4C00B32E85 /* SingleTitleImageView.swift in Sources */ = {isa = PBXBuildFile; fileRef = A56367852AC15C4C00B32E85 /* SingleTitleImageView.swift */; };
		A56367882AC19FE600B32E85 /* TitleSerchModel.swift in Sources */ = {isa = PBXBuildFile; fileRef = A56367872AC19FE600B32E85 /* TitleSerchModel.swift */; };
		A563678A2AC1E50700B32E85 /* GetUsersWithItem.swift in Sources */ = {isa = PBXBuildFile; fileRef = A56367892AC1E50700B32E85 /* GetUsersWithItem.swift */; };
		A5643A542AB971DF00EF4F62 /* SearchTitleView.swift in Sources */ = {isa = PBXBuildFile; fileRef = A5643A532AB971DF00EF4F62 /* SearchTitleView.swift */; };
		A5643A562ABACF7E00EF4F62 /* UsersListView.swift in Sources */ = {isa = PBXBuildFile; fileRef = A5643A552ABACF7E00EF4F62 /* UsersListView.swift */; };
		A5675F162ABD87BE00B30F45 /* SignInView.swift in Sources */ = {isa = PBXBuildFile; fileRef = A5675F152ABD87BE00B30F45 /* SignInView.swift */; };
		A5675F1A2ABDA65800B30F45 /* Profile.swift in Sources */ = {isa = PBXBuildFile; fileRef = A5675F192ABDA65800B30F45 /* Profile.swift */; };
		A5675F1C2ABDA67B00B30F45 /* ProfileEditor.swift in Sources */ = {isa = PBXBuildFile; fileRef = A5675F1B2ABDA67B00B30F45 /* ProfileEditor.swift */; };
		A5675F1E2ABDD1F700B30F45 /* UsersModel.swift in Sources */ = {isa = PBXBuildFile; fileRef = A5675F1D2ABDD1F600B30F45 /* UsersModel.swift */; };
		A56B63E62ABBDB36004D24C6 /* FirebaseAuth in Frameworks */ = {isa = PBXBuildFile; productRef = A56B63E52ABBDB36004D24C6 /* FirebaseAuth */; };
		A56B63E82ABBDB36004D24C6 /* FirebaseFirestoreSwift in Frameworks */ = {isa = PBXBuildFile; productRef = A56B63E72ABBDB36004D24C6 /* FirebaseFirestoreSwift */; };
		A56B63EA2ABBDB36004D24C6 /* FirebaseStorage in Frameworks */ = {isa = PBXBuildFile; productRef = A56B63E92ABBDB36004D24C6 /* FirebaseStorage */; };
		A56B63ED2ABBE3BD004D24C6 /* FirebaseAuthUI in Frameworks */ = {isa = PBXBuildFile; productRef = A56B63EC2ABBE3BD004D24C6 /* FirebaseAuthUI */; };
		A56B63F52ABC098E004D24C6 /* AuthManager.swift in Sources */ = {isa = PBXBuildFile; fileRef = A56B63F42ABC098E004D24C6 /* AuthManager.swift */; };
		A56B63F92ABC773B004D24C6 /* TitleListModel.swift in Sources */ = {isa = PBXBuildFile; fileRef = A56B63F82ABC773B004D24C6 /* TitleListModel.swift */; };
		A56F4A212ABFDABC003C26B3 /* FirebaseEmailAuthUI in Frameworks */ = {isa = PBXBuildFile; productRef = A56F4A202ABFDABC003C26B3 /* FirebaseEmailAuthUI */; };
		A56F4A272ABFF50E003C26B3 /* GoogleService-Info.plist in Resources */ = {isa = PBXBuildFile; fileRef = A56F4A262ABFF50E003C26B3 /* GoogleService-Info.plist */; };
		A59407AA2AC3CF6B001CB01E /* SignUp.swift in Sources */ = {isa = PBXBuildFile; fileRef = A59407A92AC3CF6B001CB01E /* SignUp.swift */; };
		A59407AC2AC3F1B0001CB01E /* ImagePicker.swift in Sources */ = {isa = PBXBuildFile; fileRef = A59407AB2AC3F1B0001CB01E /* ImagePicker.swift */; };
		A59407AE2AC3F2D8001CB01E /* AdditionalInfoView.swift in Sources */ = {isa = PBXBuildFile; fileRef = A59407AD2AC3F2D8001CB01E /* AdditionalInfoView.swift */; };
		A5C5204B2AB456B30066A002 /* TitleDetail.swift in Sources */ = {isa = PBXBuildFile; fileRef = A5C5204A2AB456B30066A002 /* TitleDetail.swift */; };
		A5C520502AB45A140066A002 /* Titles.swift in Sources */ = {isa = PBXBuildFile; fileRef = A5C5204F2AB45A140066A002 /* Titles.swift */; };
		A5C520522AB494D40066A002 /* Users.json in Resources */ = {isa = PBXBuildFile; fileRef = A5C520512AB494D40066A002 /* Users.json */; };
		A5C520542AB5773A0066A002 /* TitleList.json in Resources */ = {isa = PBXBuildFile; fileRef = A5C520532AB5773A0066A002 /* TitleList.json */; };
		A5C520562AB5EA3A0066A002 /* TitleImage.swift in Sources */ = {isa = PBXBuildFile; fileRef = A5C520552AB5EA3A0066A002 /* TitleImage.swift */; };
		A5C520582AB5F05A0066A002 /* TitleReview.swift in Sources */ = {isa = PBXBuildFile; fileRef = A5C520572AB5F05A0066A002 /* TitleReview.swift */; };
		A5C5205D2AB60D650066A002 /* Users.swift in Sources */ = {isa = PBXBuildFile; fileRef = A5C5205C2AB60D650066A002 /* Users.swift */; };
		A5C520612AB7D4210066A002 /* TitleView.swift in Sources */ = {isa = PBXBuildFile; fileRef = A5C520602AB7D4210066A002 /* TitleView.swift */; };
		A5EBB9CA2AC654C800653B94 /* ModelData.swift in Sources */ = {isa = PBXBuildFile; fileRef = A5EBB9C92AC654C800653B94 /* ModelData.swift */; };
/* End PBXBuildFile section */

/* Begin PBXFileReference section */
		A516F1D72AC27B0900D7E06D /* OtherUserShelf.swift */ = {isa = PBXFileReference; lastKnownFileType = sourcecode.swift; path = OtherUserShelf.swift; sourceTree = "<group>"; };
		A516F1D92AC2A20F00D7E06D /* ReviewInputView.swift */ = {isa = PBXFileReference; lastKnownFileType = sourcecode.swift; path = ReviewInputView.swift; sourceTree = "<group>"; };
		A517FB522AC05202000E9258 /* SignIn.swift */ = {isa = PBXFileReference; lastKnownFileType = sourcecode.swift; path = SignIn.swift; sourceTree = "<group>"; };
		A54A42BA2AA7233700B3EDE0 /* SecretBase.app */ = {isa = PBXFileReference; explicitFileType = wrapper.application; includeInIndex = 0; path = SecretBase.app; sourceTree = BUILT_PRODUCTS_DIR; };
		A54A42BD2AA7233700B3EDE0 /* SecretBaseApp.swift */ = {isa = PBXFileReference; lastKnownFileType = sourcecode.swift; path = SecretBaseApp.swift; sourceTree = "<group>"; };
		A54A42BF2AA7233700B3EDE0 /* ContentView.swift */ = {isa = PBXFileReference; lastKnownFileType = sourcecode.swift; path = ContentView.swift; sourceTree = "<group>"; };
		A54A42C12AA7233800B3EDE0 /* Assets.xcassets */ = {isa = PBXFileReference; lastKnownFileType = folder.assetcatalog; path = Assets.xcassets; sourceTree = "<group>"; };
		A54A42C42AA7233800B3EDE0 /* Preview Assets.xcassets */ = {isa = PBXFileReference; lastKnownFileType = folder.assetcatalog; path = "Preview Assets.xcassets"; sourceTree = "<group>"; };
		A54A42CC2AA7267400B3EDE0 /* Shelf.swift */ = {isa = PBXFileReference; lastKnownFileType = sourcecode.swift; path = Shelf.swift; sourceTree = "<group>"; };
		A54A42CE2AA727F900B3EDE0 /* Search.swift */ = {isa = PBXFileReference; lastKnownFileType = sourcecode.swift; path = Search.swift; sourceTree = "<group>"; };
		A55F28A02ABEC327003368DC /* ImageModel.swift */ = {isa = PBXFileReference; lastKnownFileType = sourcecode.swift; path = ImageModel.swift; sourceTree = "<group>"; };
		A55F28A22ABEC374003368DC /* UserIcon.swift */ = {isa = PBXFileReference; lastKnownFileType = sourcecode.swift; path = UserIcon.swift; sourceTree = "<group>"; };
		A56367852AC15C4C00B32E85 /* SingleTitleImageView.swift */ = {isa = PBXFileReference; lastKnownFileType = sourcecode.swift; path = SingleTitleImageView.swift; sourceTree = "<group>"; };
		A56367872AC19FE600B32E85 /* TitleSerchModel.swift */ = {isa = PBXFileReference; lastKnownFileType = sourcecode.swift; path = TitleSerchModel.swift; sourceTree = "<group>"; };
		A56367892AC1E50700B32E85 /* GetUsersWithItem.swift */ = {isa = PBXFileReference; lastKnownFileType = sourcecode.swift; path = GetUsersWithItem.swift; sourceTree = "<group>"; };
		A5643A532AB971DF00EF4F62 /* SearchTitleView.swift */ = {isa = PBXFileReference; lastKnownFileType = sourcecode.swift; path = SearchTitleView.swift; sourceTree = "<group>"; };
		A5643A552ABACF7E00EF4F62 /* UsersListView.swift */ = {isa = PBXFileReference; lastKnownFileType = sourcecode.swift; path = UsersListView.swift; sourceTree = "<group>"; };
		A5675F152ABD87BE00B30F45 /* SignInView.swift */ = {isa = PBXFileReference; lastKnownFileType = sourcecode.swift; path = SignInView.swift; sourceTree = "<group>"; };
		A5675F192ABDA65800B30F45 /* Profile.swift */ = {isa = PBXFileReference; lastKnownFileType = sourcecode.swift; path = Profile.swift; sourceTree = "<group>"; };
		A5675F1B2ABDA67B00B30F45 /* ProfileEditor.swift */ = {isa = PBXFileReference; lastKnownFileType = sourcecode.swift; path = ProfileEditor.swift; sourceTree = "<group>"; };
		A5675F1D2ABDD1F600B30F45 /* UsersModel.swift */ = {isa = PBXFileReference; lastKnownFileType = sourcecode.swift; path = UsersModel.swift; sourceTree = "<group>"; };
		A56B63F42ABC098E004D24C6 /* AuthManager.swift */ = {isa = PBXFileReference; lastKnownFileType = sourcecode.swift; path = AuthManager.swift; sourceTree = "<group>"; };
		A56B63F82ABC773B004D24C6 /* TitleListModel.swift */ = {isa = PBXFileReference; lastKnownFileType = sourcecode.swift; path = TitleListModel.swift; sourceTree = "<group>"; };
		A56F4A262ABFF50E003C26B3 /* GoogleService-Info.plist */ = {isa = PBXFileReference; fileEncoding = 4; lastKnownFileType = text.plist.xml; path = "GoogleService-Info.plist"; sourceTree = "<group>"; };
		A59407A92AC3CF6B001CB01E /* SignUp.swift */ = {isa = PBXFileReference; lastKnownFileType = sourcecode.swift; path = SignUp.swift; sourceTree = "<group>"; };
		A59407AB2AC3F1B0001CB01E /* ImagePicker.swift */ = {isa = PBXFileReference; lastKnownFileType = sourcecode.swift; path = ImagePicker.swift; sourceTree = "<group>"; };
		A59407AD2AC3F2D8001CB01E /* AdditionalInfoView.swift */ = {isa = PBXFileReference; lastKnownFileType = sourcecode.swift; path = AdditionalInfoView.swift; sourceTree = "<group>"; };
		A5C5204A2AB456B30066A002 /* TitleDetail.swift */ = {isa = PBXFileReference; lastKnownFileType = sourcecode.swift; path = TitleDetail.swift; sourceTree = "<group>"; };
		A5C5204F2AB45A140066A002 /* Titles.swift */ = {isa = PBXFileReference; lastKnownFileType = sourcecode.swift; path = Titles.swift; sourceTree = "<group>"; };
		A5C520512AB494D40066A002 /* Users.json */ = {isa = PBXFileReference; lastKnownFileType = text.json; path = Users.json; sourceTree = "<group>"; };
		A5C520532AB5773A0066A002 /* TitleList.json */ = {isa = PBXFileReference; lastKnownFileType = text.json; path = TitleList.json; sourceTree = "<group>"; };
		A5C520552AB5EA3A0066A002 /* TitleImage.swift */ = {isa = PBXFileReference; lastKnownFileType = sourcecode.swift; path = TitleImage.swift; sourceTree = "<group>"; };
		A5C520572AB5F05A0066A002 /* TitleReview.swift */ = {isa = PBXFileReference; lastKnownFileType = sourcecode.swift; path = TitleReview.swift; sourceTree = "<group>"; };
		A5C5205C2AB60D650066A002 /* Users.swift */ = {isa = PBXFileReference; lastKnownFileType = sourcecode.swift; path = Users.swift; sourceTree = "<group>"; };
		A5C520602AB7D4210066A002 /* TitleView.swift */ = {isa = PBXFileReference; lastKnownFileType = sourcecode.swift; path = TitleView.swift; sourceTree = "<group>"; };
		A5CF14BC2AC868D80057FAC7 /* Info.plist */ = {isa = PBXFileReference; lastKnownFileType = text.plist; path = Info.plist; sourceTree = "<group>"; };
		A5EBB9C92AC654C800653B94 /* ModelData.swift */ = {isa = PBXFileReference; fileEncoding = 4; lastKnownFileType = sourcecode.swift; path = ModelData.swift; sourceTree = "<group>"; };
/* End PBXFileReference section */

/* Begin PBXFrameworksBuildPhase section */
		A54A42B72AA7233700B3EDE0 /* Frameworks */ = {
			isa = PBXFrameworksBuildPhase;
			buildActionMask = 2147483647;
			files = (
				A56F4A212ABFDABC003C26B3 /* FirebaseEmailAuthUI in Frameworks */,
				A56B63E62ABBDB36004D24C6 /* FirebaseAuth in Frameworks */,
				A56B63E82ABBDB36004D24C6 /* FirebaseFirestoreSwift in Frameworks */,
				A56B63EA2ABBDB36004D24C6 /* FirebaseStorage in Frameworks */,
				A56B63ED2ABBE3BD004D24C6 /* FirebaseAuthUI in Frameworks */,
			);
			runOnlyForDeploymentPostprocessing = 0;
		};
/* End PBXFrameworksBuildPhase section */

/* Begin PBXGroup section */
		A516E2162AC5191400CA5B92 /* OtherUserShelf */ = {
			isa = PBXGroup;
			children = (
				A516F1D72AC27B0900D7E06D /* OtherUserShelf.swift */,
			);
			path = OtherUserShelf;
			sourceTree = "<group>";
		};
		A54A42B12AA7233700B3EDE0 = {
			isa = PBXGroup;
			children = (
				A54A42BC2AA7233700B3EDE0 /* SecretBase */,
				A54A42BB2AA7233700B3EDE0 /* Products */,
				A56F4A1F2ABFDABC003C26B3 /* Frameworks */,
			);
			sourceTree = "<group>";
		};
		A54A42BB2AA7233700B3EDE0 /* Products */ = {
			isa = PBXGroup;
			children = (
				A54A42BA2AA7233700B3EDE0 /* SecretBase.app */,
			);
			name = Products;
			sourceTree = "<group>";
		};
		A54A42BC2AA7233700B3EDE0 /* SecretBase */ = {
			isa = PBXGroup;
			children = (
				A5CF14BC2AC868D80057FAC7 /* Info.plist */,
				A54A42BD2AA7233700B3EDE0 /* SecretBaseApp.swift */,
				A54A42CB2AA7264700B3EDE0 /* View */,
				A5C5204E2AB459E80066A002 /* Model */,
				A56F4A262ABFF50E003C26B3 /* GoogleService-Info.plist */,
				A5C520452AB42B6B0066A002 /* Resources */,
				A54A42C12AA7233800B3EDE0 /* Assets.xcassets */,
				A54A42C32AA7233800B3EDE0 /* Preview Content */,
			);
			path = SecretBase;
			sourceTree = "<group>";
		};
		A54A42C32AA7233800B3EDE0 /* Preview Content */ = {
			isa = PBXGroup;
			children = (
				A54A42C42AA7233800B3EDE0 /* Preview Assets.xcassets */,
			);
			path = "Preview Content";
			sourceTree = "<group>";
		};
		A54A42CB2AA7264700B3EDE0 /* View */ = {
			isa = PBXGroup;
			children = (
				A54A42BF2AA7233700B3EDE0 /* ContentView.swift */,
				A54A42CC2AA7267400B3EDE0 /* Shelf.swift */,
				A5C5204A2AB456B30066A002 /* TitleDetail.swift */,
				A5C520602AB7D4210066A002 /* TitleView.swift */,
				A5C520572AB5F05A0066A002 /* TitleReview.swift */,
				A516E2162AC5191400CA5B92 /* OtherUserShelf */,
				A5643A552ABACF7E00EF4F62 /* UsersListView.swift */,
				A516F1D92AC2A20F00D7E06D /* ReviewInputView.swift */,
				A5675F182ABD8AAE00B30F45 /* Search */,
				A55F289E2ABE9F8E003368DC /* SignIn */,
				A55F289F2ABE9FA9003368DC /* Profile */,
				A5675F172ABD8A5A00B30F45 /* Helpersgroup */,
			);
			path = View;
			sourceTree = "<group>";
		};
		A55F289E2ABE9F8E003368DC /* SignIn */ = {
			isa = PBXGroup;
			children = (
				A5675F152ABD87BE00B30F45 /* SignInView.swift */,
				A517FB522AC05202000E9258 /* SignIn.swift */,
				A59407A92AC3CF6B001CB01E /* SignUp.swift */,
				A59407AD2AC3F2D8001CB01E /* AdditionalInfoView.swift */,
			);
			path = SignIn;
			sourceTree = "<group>";
		};
		A55F289F2ABE9FA9003368DC /* Profile */ = {
			isa = PBXGroup;
			children = (
				A5675F192ABDA65800B30F45 /* Profile.swift */,
				A5675F1B2ABDA67B00B30F45 /* ProfileEditor.swift */,
			);
			path = Profile;
			sourceTree = "<group>";
		};
		A5675F172ABD8A5A00B30F45 /* Helpersgroup */ = {
			isa = PBXGroup;
			children = (
				A5C520552AB5EA3A0066A002 /* TitleImage.swift */,
				A55F28A22ABEC374003368DC /* UserIcon.swift */,
				A56367852AC15C4C00B32E85 /* SingleTitleImageView.swift */,
			);
			path = Helpersgroup;
			sourceTree = "<group>";
		};
		A5675F182ABD8AAE00B30F45 /* Search */ = {
			isa = PBXGroup;
			children = (
				A54A42CE2AA727F900B3EDE0 /* Search.swift */,
				A5643A532AB971DF00EF4F62 /* SearchTitleView.swift */,
			);
			path = Search;
			sourceTree = "<group>";
		};
		A56F4A1F2ABFDABC003C26B3 /* Frameworks */ = {
			isa = PBXGroup;
			children = (
			);
			name = Frameworks;
			sourceTree = "<group>";
		};
		A5C520452AB42B6B0066A002 /* Resources */ = {
			isa = PBXGroup;
			children = (
				A5C520512AB494D40066A002 /* Users.json */,
				A5C520532AB5773A0066A002 /* TitleList.json */,
			);
			path = Resources;
			sourceTree = "<group>";
		};
		A5C5204E2AB459E80066A002 /* Model */ = {
			isa = PBXGroup;
			children = (
				A5EBB9C92AC654C800653B94 /* ModelData.swift */,
				A5C5204F2AB45A140066A002 /* Titles.swift */,
				A5C5205C2AB60D650066A002 /* Users.swift */,
				A56B63F42ABC098E004D24C6 /* AuthManager.swift */,
				A59407AB2AC3F1B0001CB01E /* ImagePicker.swift */,
				A56B63F82ABC773B004D24C6 /* TitleListModel.swift */,
				A5675F1D2ABDD1F600B30F45 /* UsersModel.swift */,
				A55F28A02ABEC327003368DC /* ImageModel.swift */,
				A56367892AC1E50700B32E85 /* GetUsersWithItem.swift */,
				A56367872AC19FE600B32E85 /* TitleSerchModel.swift */,
			);
			path = Model;
			sourceTree = "<group>";
		};
/* End PBXGroup section */

/* Begin PBXNativeTarget section */
		A54A42B92AA7233700B3EDE0 /* SecretBase */ = {
			isa = PBXNativeTarget;
			buildConfigurationList = A54A42C82AA7233800B3EDE0 /* Build configuration list for PBXNativeTarget "SecretBase" */;
			buildPhases = (
				A54A42B62AA7233700B3EDE0 /* Sources */,
				A54A42B72AA7233700B3EDE0 /* Frameworks */,
				A54A42B82AA7233700B3EDE0 /* Resources */,
			);
			buildRules = (
			);
			dependencies = (
			);
			name = SecretBase;
			packageProductDependencies = (
				A56B63E52ABBDB36004D24C6 /* FirebaseAuth */,
				A56B63E72ABBDB36004D24C6 /* FirebaseFirestoreSwift */,
				A56B63E92ABBDB36004D24C6 /* FirebaseStorage */,
				A56B63EC2ABBE3BD004D24C6 /* FirebaseAuthUI */,
				A56F4A202ABFDABC003C26B3 /* FirebaseEmailAuthUI */,
			);
			productName = SecretBase;
			productReference = A54A42BA2AA7233700B3EDE0 /* SecretBase.app */;
			productType = "com.apple.product-type.application";
		};
/* End PBXNativeTarget section */

/* Begin PBXProject section */
		A54A42B22AA7233700B3EDE0 /* Project object */ = {
			isa = PBXProject;
			attributes = {
				BuildIndependentTargetsInParallel = 1;
				LastSwiftUpdateCheck = 1430;
				LastUpgradeCheck = 1430;
				TargetAttributes = {
					A54A42B92AA7233700B3EDE0 = {
						CreatedOnToolsVersion = 14.3.1;
					};
				};
			};
			buildConfigurationList = A54A42B52AA7233700B3EDE0 /* Build configuration list for PBXProject "SecretBase" */;
			compatibilityVersion = "Xcode 14.0";
			developmentRegion = en;
			hasScannedForEncodings = 0;
			knownRegions = (
				en,
				Base,
			);
			mainGroup = A54A42B12AA7233700B3EDE0;
			packageReferences = (
				A56B63E42ABBDB36004D24C6 /* XCRemoteSwiftPackageReference "firebase-ios-sdk" */,
				A56B63EB2ABBE3BD004D24C6 /* XCRemoteSwiftPackageReference "FirebaseUI-iOS" */,
			);
			productRefGroup = A54A42BB2AA7233700B3EDE0 /* Products */;
			projectDirPath = "";
			projectRoot = "";
			targets = (
				A54A42B92AA7233700B3EDE0 /* SecretBase */,
			);
		};
/* End PBXProject section */

/* Begin PBXResourcesBuildPhase section */
		A54A42B82AA7233700B3EDE0 /* Resources */ = {
			isa = PBXResourcesBuildPhase;
			buildActionMask = 2147483647;
			files = (
				A56F4A272ABFF50E003C26B3 /* GoogleService-Info.plist in Resources */,
				A5C520522AB494D40066A002 /* Users.json in Resources */,
				A54A42C52AA7233800B3EDE0 /* Preview Assets.xcassets in Resources */,
				A5C520542AB5773A0066A002 /* TitleList.json in Resources */,
				A54A42C22AA7233800B3EDE0 /* Assets.xcassets in Resources */,
			);
			runOnlyForDeploymentPostprocessing = 0;
		};
/* End PBXResourcesBuildPhase section */

/* Begin PBXSourcesBuildPhase section */
		A54A42B62AA7233700B3EDE0 /* Sources */ = {
			isa = PBXSourcesBuildPhase;
			buildActionMask = 2147483647;
			files = (
				A5675F162ABD87BE00B30F45 /* SignInView.swift in Sources */,
				A56367862AC15C4C00B32E85 /* SingleTitleImageView.swift in Sources */,
				A516F1D82AC27B0900D7E06D /* OtherUserShelf.swift in Sources */,
				A56367882AC19FE600B32E85 /* TitleSerchModel.swift in Sources */,
				A5C520612AB7D4210066A002 /* TitleView.swift in Sources */,
				A5675F1C2ABDA67B00B30F45 /* ProfileEditor.swift in Sources */,
				A5C520562AB5EA3A0066A002 /* TitleImage.swift in Sources */,
				A54A42CD2AA7267400B3EDE0 /* Shelf.swift in Sources */,
				A54A42C02AA7233700B3EDE0 /* ContentView.swift in Sources */,
				A517FB532AC05202000E9258 /* SignIn.swift in Sources */,
				A56B63F92ABC773B004D24C6 /* TitleListModel.swift in Sources */,
				A5C5204B2AB456B30066A002 /* TitleDetail.swift in Sources */,
				A563678A2AC1E50700B32E85 /* GetUsersWithItem.swift in Sources */,
				A5643A562ABACF7E00EF4F62 /* UsersListView.swift in Sources */,
				A55F28A32ABEC374003368DC /* UserIcon.swift in Sources */,
				A5C520502AB45A140066A002 /* Titles.swift in Sources */,
				A56B63F52ABC098E004D24C6 /* AuthManager.swift in Sources */,
				A59407AE2AC3F2D8001CB01E /* AdditionalInfoView.swift in Sources */,
				A516F1DA2AC2A20F00D7E06D /* ReviewInputView.swift in Sources */,
				A5EBB9CA2AC654C800653B94 /* ModelData.swift in Sources */,
				A59407AA2AC3CF6B001CB01E /* SignUp.swift in Sources */,
				A54A42BE2AA7233700B3EDE0 /* SecretBaseApp.swift in Sources */,
				A59407AC2AC3F1B0001CB01E /* ImagePicker.swift in Sources */,
				A5643A542AB971DF00EF4F62 /* SearchTitleView.swift in Sources */,
				A55F28A12ABEC327003368DC /* ImageModel.swift in Sources */,
				A54A42CF2AA727F900B3EDE0 /* Search.swift in Sources */,
				A5675F1A2ABDA65800B30F45 /* Profile.swift in Sources */,
				A5C520582AB5F05A0066A002 /* TitleReview.swift in Sources */,
				A5C5205D2AB60D650066A002 /* Users.swift in Sources */,
				A5675F1E2ABDD1F700B30F45 /* UsersModel.swift in Sources */,
			);
			runOnlyForDeploymentPostprocessing = 0;
		};
/* End PBXSourcesBuildPhase section */

/* Begin XCBuildConfiguration section */
		A54A42C62AA7233800B3EDE0 /* Debug */ = {
			isa = XCBuildConfiguration;
			buildSettings = {
				ALWAYS_SEARCH_USER_PATHS = NO;
				CLANG_ANALYZER_NONNULL = YES;
				CLANG_ANALYZER_NUMBER_OBJECT_CONVERSION = YES_AGGRESSIVE;
				CLANG_CXX_LANGUAGE_STANDARD = "gnu++20";
				CLANG_ENABLE_MODULES = YES;
				CLANG_ENABLE_OBJC_ARC = YES;
				CLANG_ENABLE_OBJC_WEAK = YES;
				CLANG_WARN_BLOCK_CAPTURE_AUTORELEASING = YES;
				CLANG_WARN_BOOL_CONVERSION = YES;
				CLANG_WARN_COMMA = YES;
				CLANG_WARN_CONSTANT_CONVERSION = YES;
				CLANG_WARN_DEPRECATED_OBJC_IMPLEMENTATIONS = YES;
				CLANG_WARN_DIRECT_OBJC_ISA_USAGE = YES_ERROR;
				CLANG_WARN_DOCUMENTATION_COMMENTS = YES;
				CLANG_WARN_EMPTY_BODY = YES;
				CLANG_WARN_ENUM_CONVERSION = YES;
				CLANG_WARN_INFINITE_RECURSION = YES;
				CLANG_WARN_INT_CONVERSION = YES;
				CLANG_WARN_NON_LITERAL_NULL_CONVERSION = YES;
				CLANG_WARN_OBJC_IMPLICIT_RETAIN_SELF = YES;
				CLANG_WARN_OBJC_LITERAL_CONVERSION = YES;
				CLANG_WARN_OBJC_ROOT_CLASS = YES_ERROR;
				CLANG_WARN_QUOTED_INCLUDE_IN_FRAMEWORK_HEADER = YES;
				CLANG_WARN_RANGE_LOOP_ANALYSIS = YES;
				CLANG_WARN_STRICT_PROTOTYPES = YES;
				CLANG_WARN_SUSPICIOUS_MOVE = YES;
				CLANG_WARN_UNGUARDED_AVAILABILITY = YES_AGGRESSIVE;
				CLANG_WARN_UNREACHABLE_CODE = YES;
				CLANG_WARN__DUPLICATE_METHOD_MATCH = YES;
				COPY_PHASE_STRIP = NO;
				DEBUG_INFORMATION_FORMAT = dwarf;
				ENABLE_STRICT_OBJC_MSGSEND = YES;
				ENABLE_TESTABILITY = YES;
				GCC_C_LANGUAGE_STANDARD = gnu11;
				GCC_DYNAMIC_NO_PIC = NO;
				GCC_NO_COMMON_BLOCKS = YES;
				GCC_OPTIMIZATION_LEVEL = 0;
				GCC_PREPROCESSOR_DEFINITIONS = (
					"DEBUG=1",
					"$(inherited)",
				);
				GCC_WARN_64_TO_32_BIT_CONVERSION = YES;
				GCC_WARN_ABOUT_RETURN_TYPE = YES_ERROR;
				GCC_WARN_UNDECLARED_SELECTOR = YES;
				GCC_WARN_UNINITIALIZED_AUTOS = YES_AGGRESSIVE;
				GCC_WARN_UNUSED_FUNCTION = YES;
				GCC_WARN_UNUSED_VARIABLE = YES;
				IPHONEOS_DEPLOYMENT_TARGET = 16.4;
				MTL_ENABLE_DEBUG_INFO = INCLUDE_SOURCE;
				MTL_FAST_MATH = YES;
				ONLY_ACTIVE_ARCH = YES;
				SDKROOT = iphoneos;
				SWIFT_ACTIVE_COMPILATION_CONDITIONS = DEBUG;
				SWIFT_OPTIMIZATION_LEVEL = "-Onone";
			};
			name = Debug;
		};
		A54A42C72AA7233800B3EDE0 /* Release */ = {
			isa = XCBuildConfiguration;
			buildSettings = {
				ALWAYS_SEARCH_USER_PATHS = NO;
				CLANG_ANALYZER_NONNULL = YES;
				CLANG_ANALYZER_NUMBER_OBJECT_CONVERSION = YES_AGGRESSIVE;
				CLANG_CXX_LANGUAGE_STANDARD = "gnu++20";
				CLANG_ENABLE_MODULES = YES;
				CLANG_ENABLE_OBJC_ARC = YES;
				CLANG_ENABLE_OBJC_WEAK = YES;
				CLANG_WARN_BLOCK_CAPTURE_AUTORELEASING = YES;
				CLANG_WARN_BOOL_CONVERSION = YES;
				CLANG_WARN_COMMA = YES;
				CLANG_WARN_CONSTANT_CONVERSION = YES;
				CLANG_WARN_DEPRECATED_OBJC_IMPLEMENTATIONS = YES;
				CLANG_WARN_DIRECT_OBJC_ISA_USAGE = YES_ERROR;
				CLANG_WARN_DOCUMENTATION_COMMENTS = YES;
				CLANG_WARN_EMPTY_BODY = YES;
				CLANG_WARN_ENUM_CONVERSION = YES;
				CLANG_WARN_INFINITE_RECURSION = YES;
				CLANG_WARN_INT_CONVERSION = YES;
				CLANG_WARN_NON_LITERAL_NULL_CONVERSION = YES;
				CLANG_WARN_OBJC_IMPLICIT_RETAIN_SELF = YES;
				CLANG_WARN_OBJC_LITERAL_CONVERSION = YES;
				CLANG_WARN_OBJC_ROOT_CLASS = YES_ERROR;
				CLANG_WARN_QUOTED_INCLUDE_IN_FRAMEWORK_HEADER = YES;
				CLANG_WARN_RANGE_LOOP_ANALYSIS = YES;
				CLANG_WARN_STRICT_PROTOTYPES = YES;
				CLANG_WARN_SUSPICIOUS_MOVE = YES;
				CLANG_WARN_UNGUARDED_AVAILABILITY = YES_AGGRESSIVE;
				CLANG_WARN_UNREACHABLE_CODE = YES;
				CLANG_WARN__DUPLICATE_METHOD_MATCH = YES;
				COPY_PHASE_STRIP = NO;
				DEBUG_INFORMATION_FORMAT = "dwarf-with-dsym";
				ENABLE_NS_ASSERTIONS = NO;
				ENABLE_STRICT_OBJC_MSGSEND = YES;
				GCC_C_LANGUAGE_STANDARD = gnu11;
				GCC_NO_COMMON_BLOCKS = YES;
				GCC_WARN_64_TO_32_BIT_CONVERSION = YES;
				GCC_WARN_ABOUT_RETURN_TYPE = YES_ERROR;
				GCC_WARN_UNDECLARED_SELECTOR = YES;
				GCC_WARN_UNINITIALIZED_AUTOS = YES_AGGRESSIVE;
				GCC_WARN_UNUSED_FUNCTION = YES;
				GCC_WARN_UNUSED_VARIABLE = YES;
				IPHONEOS_DEPLOYMENT_TARGET = 16.4;
				MTL_ENABLE_DEBUG_INFO = NO;
				MTL_FAST_MATH = YES;
				SDKROOT = iphoneos;
				SWIFT_COMPILATION_MODE = wholemodule;
				SWIFT_OPTIMIZATION_LEVEL = "-O";
				VALIDATE_PRODUCT = YES;
			};
			name = Release;
		};
		A54A42C92AA7233800B3EDE0 /* Debug */ = {
			isa = XCBuildConfiguration;
			buildSettings = {
				ASSETCATALOG_COMPILER_APPICON_NAME = AppIcon;
				ASSETCATALOG_COMPILER_GLOBAL_ACCENT_COLOR_NAME = AccentColor;
				CODE_SIGN_STYLE = Automatic;
				CURRENT_PROJECT_VERSION = 1;
				DEVELOPMENT_ASSET_PATHS = "\"SecretBase/Preview Content\"";
				DEVELOPMENT_TEAM = 8KCL3237D2;
				ENABLE_PREVIEWS = YES;
				GENERATE_INFOPLIST_FILE = YES;
				INFOPLIST_FILE = SecretBase/Info.plist;
				INFOPLIST_KEY_CFBundleDisplayName = "ふぁぼ！";
				INFOPLIST_KEY_UIApplicationSceneManifest_Generation = YES;
				INFOPLIST_KEY_UIApplicationSupportsIndirectInputEvents = YES;
				INFOPLIST_KEY_UILaunchScreen_Generation = YES;
				INFOPLIST_KEY_UISupportedInterfaceOrientations = UIInterfaceOrientationPortrait;
				INFOPLIST_KEY_UISupportedInterfaceOrientations_iPad = "UIInterfaceOrientationPortrait UIInterfaceOrientationPortraitUpsideDown";
				IPHONEOS_DEPLOYMENT_TARGET = 16.3;
				LD_RUNPATH_SEARCH_PATHS = (
					"$(inherited)",
					"@executable_path/Frameworks",
				);
				MARKETING_VERSION = 1.0;
				PRODUCT_BUNDLE_IDENTIFIER = sorasiranuame.gmail.com.SecretBase;
				PRODUCT_NAME = "$(TARGET_NAME)";
				SWIFT_EMIT_LOC_STRINGS = YES;
				SWIFT_VERSION = 5.0;
				TARGETED_DEVICE_FAMILY = "1,2";
			};
			name = Debug;
		};
		A54A42CA2AA7233800B3EDE0 /* Release */ = {
			isa = XCBuildConfiguration;
			buildSettings = {
				ASSETCATALOG_COMPILER_APPICON_NAME = AppIcon;
				ASSETCATALOG_COMPILER_GLOBAL_ACCENT_COLOR_NAME = AccentColor;
				CODE_SIGN_STYLE = Automatic;
				CURRENT_PROJECT_VERSION = 1;
				DEVELOPMENT_ASSET_PATHS = "\"SecretBase/Preview Content\"";
				DEVELOPMENT_TEAM = 8KCL3237D2;
				ENABLE_PREVIEWS = YES;
				GENERATE_INFOPLIST_FILE = YES;
				INFOPLIST_FILE = SecretBase/Info.plist;
				INFOPLIST_KEY_CFBundleDisplayName = "ふぁぼ！";
				INFOPLIST_KEY_UIApplicationSceneManifest_Generation = YES;
				INFOPLIST_KEY_UIApplicationSupportsIndirectInputEvents = YES;
				INFOPLIST_KEY_UILaunchScreen_Generation = YES;
				INFOPLIST_KEY_UISupportedInterfaceOrientations = UIInterfaceOrientationPortrait;
				INFOPLIST_KEY_UISupportedInterfaceOrientations_iPad = "UIInterfaceOrientationPortrait UIInterfaceOrientationPortraitUpsideDown";
				IPHONEOS_DEPLOYMENT_TARGET = 16.3;
				LD_RUNPATH_SEARCH_PATHS = (
					"$(inherited)",
					"@executable_path/Frameworks",
				);
				MARKETING_VERSION = 1.0;
				PRODUCT_BUNDLE_IDENTIFIER = sorasiranuame.gmail.com.SecretBase;
				PRODUCT_NAME = "$(TARGET_NAME)";
				SWIFT_EMIT_LOC_STRINGS = YES;
				SWIFT_VERSION = 5.0;
				TARGETED_DEVICE_FAMILY = "1,2";
			};
			name = Release;
		};
/* End XCBuildConfiguration section */

/* Begin XCConfigurationList section */
		A54A42B52AA7233700B3EDE0 /* Build configuration list for PBXProject "SecretBase" */ = {
			isa = XCConfigurationList;
			buildConfigurations = (
				A54A42C62AA7233800B3EDE0 /* Debug */,
				A54A42C72AA7233800B3EDE0 /* Release */,
			);
			defaultConfigurationIsVisible = 0;
			defaultConfigurationName = Release;
		};
		A54A42C82AA7233800B3EDE0 /* Build configuration list for PBXNativeTarget "SecretBase" */ = {
			isa = XCConfigurationList;
			buildConfigurations = (
				A54A42C92AA7233800B3EDE0 /* Debug */,
				A54A42CA2AA7233800B3EDE0 /* Release */,
			);
			defaultConfigurationIsVisible = 0;
			defaultConfigurationName = Release;
		};
/* End XCConfigurationList section */

/* Begin XCRemoteSwiftPackageReference section */
		A56B63E42ABBDB36004D24C6 /* XCRemoteSwiftPackageReference "firebase-ios-sdk" */ = {
			isa = XCRemoteSwiftPackageReference;
			repositoryURL = "https://github.com/firebase/firebase-ios-sdk.git";
			requirement = {
				kind = upToNextMajorVersion;
				minimumVersion = 10.0.0;
			};
		};
		A56B63EB2ABBE3BD004D24C6 /* XCRemoteSwiftPackageReference "FirebaseUI-iOS" */ = {
			isa = XCRemoteSwiftPackageReference;
			repositoryURL = "https://github.com/firebase/FirebaseUI-iOS.git";
			requirement = {
				branch = master;
				kind = branch;
			};
		};
/* End XCRemoteSwiftPackageReference section */

/* Begin XCSwiftPackageProductDependency section */
		A56B63E52ABBDB36004D24C6 /* FirebaseAuth */ = {
			isa = XCSwiftPackageProductDependency;
			package = A56B63E42ABBDB36004D24C6 /* XCRemoteSwiftPackageReference "firebase-ios-sdk" */;
			productName = FirebaseAuth;
		};
		A56B63E72ABBDB36004D24C6 /* FirebaseFirestoreSwift */ = {
			isa = XCSwiftPackageProductDependency;
			package = A56B63E42ABBDB36004D24C6 /* XCRemoteSwiftPackageReference "firebase-ios-sdk" */;
			productName = FirebaseFirestoreSwift;
		};
		A56B63E92ABBDB36004D24C6 /* FirebaseStorage */ = {
			isa = XCSwiftPackageProductDependency;
			package = A56B63E42ABBDB36004D24C6 /* XCRemoteSwiftPackageReference "firebase-ios-sdk" */;
			productName = FirebaseStorage;
		};
		A56B63EC2ABBE3BD004D24C6 /* FirebaseAuthUI */ = {
			isa = XCSwiftPackageProductDependency;
			package = A56B63EB2ABBE3BD004D24C6 /* XCRemoteSwiftPackageReference "FirebaseUI-iOS" */;
			productName = FirebaseAuthUI;
		};
		A56F4A202ABFDABC003C26B3 /* FirebaseEmailAuthUI */ = {
			isa = XCSwiftPackageProductDependency;
			package = A56B63EB2ABBE3BD004D24C6 /* XCRemoteSwiftPackageReference "FirebaseUI-iOS" */;
			productName = FirebaseEmailAuthUI;
		};
/* End XCSwiftPackageProductDependency section */
	};
	rootObject = A54A42B22AA7233700B3EDE0 /* Project object */;
}
